
Microsoft Visual Studio Solution File, Format Version 12.00
# Visual Studio 2012
Project("{FAE04EC0-301F-11D3-BF4B-00C04F79EFBC}") = "Course Site", "Course Site\Course Site.csproj", "{3A422EB9-20B1-48F3-84C8-1847389A5ED0}"
EndProject
Project("{FAE04EC0-301F-11D3-BF4B-00C04F79EFBC}") = "DAL", "DAL\DAL.csproj", "{8C92249E-1316-4753-9C28-F908E433D438}"
EndProject
Global
	GlobalSection(SolutionConfigurationPlatforms) = preSolution
		Debug|Any CPU = Debug|Any CPU
		Release|Any CPU = Release|Any CPU
	EndGlobalSection
	GlobalSection(ProjectConfigurationPlatforms) = postSolution
		{3A422EB9-20B1-48F3-84C8-1847389A5ED0}.Debug|Any CPU.ActiveCfg = Debug|Any CPU
		{3A422EB9-20B1-48F3-84C8-1847389A5ED0}.Debug|Any CPU.Build.0 = Debug|Any CPU
		{3A422EB9-20B1-48F3-84C8-1847389A5ED0}.Release|Any CPU.ActiveCfg = Release|Any CPU
		{3A422EB9-20B1-48F3-84C8-1847389A5ED0}.Release|Any CPU.Build.0 = Release|Any CPU
		{8C92249E-1316-4753-9C28-F908E433D438}.Debug|Any CPU.ActiveCfg = Debug|Any CPU
		{8C92249E-1316-4753-9C28-F908E433D438}.Debug|Any CPU.Build.0 = Debug|Any CPU
		{8C92249E-1316-4753-9C28-F908E433D438}.Release|Any CPU.ActiveCfg = Release|Any CPU
		{8C92249E-1316-4753-9C28-F908E433D438}.Release|Any CPU.Build.0 = Release|Any CPU
	EndGlobalSection
	GlobalSection(SolutionProperties) = preSolution
		HideSolutionNode = FALSE
	EndGlobalSection
EndGlobal
